
Microsoft Visual Studio Solution File, Format Version 12.00
# Visual Studio 15
VisualStudioVersion = 15.0.26124.0
MinimumVisualStudioVersion = 15.0.26124.0
Project("{2150E333-8FDC-42A3-9474-1A3956D46DE8}") = "demo1", "demo1", "{8B3AA792-8AA3-44AA-9471-74120C528BE8}"
EndProject
Project("{2150E333-8FDC-42A3-9474-1A3956D46DE8}") = "src", "src", "{9CD9F885-D89F-4B46-9D49-65DC455F9772}"
EndProject
Project("{2150E333-8FDC-42A3-9474-1A3956D46DE8}") = "1 - UI", "1 - UI", "{58AD13CE-1881-4A2D-BFE4-360B7A532690}"
EndProject
Project("{2150E333-8FDC-42A3-9474-1A3956D46DE8}") = "4 - Infrastructure", "4 - Infrastructure", "{190E29D9-60B2-4D44-BFD5-E0BBFCB228EC}"
EndProject
Project("{9A19103F-16F7-4668-BE54-9A1E7A4F7556}") = "demo1.UI", "demo1\src\demo1.UI\demo1.UI.csproj", "{DBFAC231-7592-4802-9189-10882EB5A251}"
EndProject
Project("{2150E333-8FDC-42A3-9474-1A3956D46DE8}") = "3 - Domain", "3 - Domain", "{73525E66-293E-4E2E-AB09-CE05D057DBEB}"
EndProject
Project("{9A19103F-16F7-4668-BE54-9A1E7A4F7556}") = "demo1.Domain", "demo1\src\demo1.Domain\demo1.Domain.csproj", "{222AE0B2-9B8B-466D-A13B-6B17B515E464}"
EndProject
Project("{9A19103F-16F7-4668-BE54-9A1E7A4F7556}") = "demo1.Infrastructure", "demo1\src\demo1.Infrastructure\demo1.Infrastructure.csproj", "{310D5A17-EDEE-43C7-93AF-17B1C23B8269}"
EndProject
Project("{2150E333-8FDC-42A3-9474-1A3956D46DE8}") = "2 - Application", "2 - Application", "{B7178BE3-01B0-4C41-8B21-696ECD666FF2}"
EndProject
Project("{9A19103F-16F7-4668-BE54-9A1E7A4F7556}") = "demo1.Application", "demo1\src\demo1.Application\demo1.Application.csproj", "{136208BB-A643-41F4-9FBC-9B898E8C3BC7}"
EndProject
Project("{2150E333-8FDC-42A3-9474-1A3956D46DE8}") = "demo2", "demo2", "{6D182B2E-B525-44C5-911D-E4814E74F151}"
EndProject
Project("{2150E333-8FDC-42A3-9474-1A3956D46DE8}") = "src", "src", "{B929E245-71FE-4D2C-B4E7-D15F9D8C8AD9}"
EndProject
Project("{2150E333-8FDC-42A3-9474-1A3956D46DE8}") = "1 - Presentation_", "1 - Presentation_", "{959A0F33-7780-45D0-BE44-C294A94D135D}"
EndProject
Project("{2150E333-8FDC-42A3-9474-1A3956D46DE8}") = "2 - Application_", "2 - Application_", "{C9AD46FF-2129-4E2A-A37B-5182D7052F67}"
EndProject
Project("{2150E333-8FDC-42A3-9474-1A3956D46DE8}") = "3 - Domain_", "3 - Domain_", "{E4A68424-F3ED-4F3B-8B2C-EFC4919BCA1C}"
EndProject
Project("{2150E333-8FDC-42A3-9474-1A3956D46DE8}") = "4 - Infrastructure_", "4 - Infrastructure_", "{10EE37CA-590A-4AF3-B432-4B2D814F6532}"
EndProject
Project("{9A19103F-16F7-4668-BE54-9A1E7A4F7556}") = "demo2.Infrastructure", "demo2\src\demo2.Infrastructure\demo2.Infrastructure.csproj", "{C65AC217-E947-407C-B71B-E7BF5EDACAF5}"
EndProject
Project("{9A19103F-16F7-4668-BE54-9A1E7A4F7556}") = "demo2.Domain", "demo2\src\demo2.Domain\demo2.Domain.csproj", "{E23401FE-EE23-498B-B7FE-F03C550FF1C3}"
EndProject
Project("{9A19103F-16F7-4668-BE54-9A1E7A4F7556}") = "demo2.Application", "demo2\src\demo2.Application\demo2.Application.csproj", "{AC932DD6-1E7A-48A5-850E-D96B603E86ED}"
EndProject
Project("{9A19103F-16F7-4668-BE54-9A1E7A4F7556}") = "demo2.UI.Web", "demo2\src\demo2.UI.Web\demo2.UI.Web.csproj", "{D0A86E6E-F6E8-4034-9167-CB3B0DCE0CBE}"
EndProject
Project("{2150E333-8FDC-42A3-9474-1A3956D46DE8}") = "demo3", "demo3", "{30E0D435-A158-403F-B5E4-F78CE26C0886}"
EndProject
Global
	GlobalSection(SolutionConfigurationPlatforms) = preSolution
		Debug|Any CPU = Debug|Any CPU
		Release|Any CPU = Release|Any CPU
	EndGlobalSection
	GlobalSection(ProjectConfigurationPlatforms) = postSolution
		{DBFAC231-7592-4802-9189-10882EB5A251}.Debug|Any CPU.ActiveCfg = Debug|Any CPU
		{DBFAC231-7592-4802-9189-10882EB5A251}.Debug|Any CPU.Build.0 = Debug|Any CPU
		{DBFAC231-7592-4802-9189-10882EB5A251}.Release|Any CPU.ActiveCfg = Release|Any CPU
		{DBFAC231-7592-4802-9189-10882EB5A251}.Release|Any CPU.Build.0 = Release|Any CPU
		{222AE0B2-9B8B-466D-A13B-6B17B515E464}.Debug|Any CPU.ActiveCfg = Debug|Any CPU
		{222AE0B2-9B8B-466D-A13B-6B17B515E464}.Debug|Any CPU.Build.0 = Debug|Any CPU
		{222AE0B2-9B8B-466D-A13B-6B17B515E464}.Release|Any CPU.ActiveCfg = Release|Any CPU
		{222AE0B2-9B8B-466D-A13B-6B17B515E464}.Release|Any CPU.Build.0 = Release|Any CPU
		{310D5A17-EDEE-43C7-93AF-17B1C23B8269}.Debug|Any CPU.ActiveCfg = Debug|Any CPU
		{310D5A17-EDEE-43C7-93AF-17B1C23B8269}.Debug|Any CPU.Build.0 = Debug|Any CPU
		{310D5A17-EDEE-43C7-93AF-17B1C23B8269}.Release|Any CPU.ActiveCfg = Release|Any CPU
		{310D5A17-EDEE-43C7-93AF-17B1C23B8269}.Release|Any CPU.Build.0 = Release|Any CPU
		{136208BB-A643-41F4-9FBC-9B898E8C3BC7}.Debug|Any CPU.ActiveCfg = Debug|Any CPU
		{136208BB-A643-41F4-9FBC-9B898E8C3BC7}.Debug|Any CPU.Build.0 = Debug|Any CPU
		{136208BB-A643-41F4-9FBC-9B898E8C3BC7}.Release|Any CPU.ActiveCfg = Release|Any CPU
		{136208BB-A643-41F4-9FBC-9B898E8C3BC7}.Release|Any CPU.Build.0 = Release|Any CPU
		{C65AC217-E947-407C-B71B-E7BF5EDACAF5}.Debug|Any CPU.ActiveCfg = Debug|Any CPU
		{C65AC217-E947-407C-B71B-E7BF5EDACAF5}.Debug|Any CPU.Build.0 = Debug|Any CPU
		{C65AC217-E947-407C-B71B-E7BF5EDACAF5}.Release|Any CPU.ActiveCfg = Release|Any CPU
		{C65AC217-E947-407C-B71B-E7BF5EDACAF5}.Release|Any CPU.Build.0 = Release|Any CPU
		{E23401FE-EE23-498B-B7FE-F03C550FF1C3}.Debug|Any CPU.ActiveCfg = Debug|Any CPU
		{E23401FE-EE23-498B-B7FE-F03C550FF1C3}.Debug|Any CPU.Build.0 = Debug|Any CPU
		{E23401FE-EE23-498B-B7FE-F03C550FF1C3}.Release|Any CPU.ActiveCfg = Release|Any CPU
		{E23401FE-EE23-498B-B7FE-F03C550FF1C3}.Release|Any CPU.Build.0 = Release|Any CPU
		{AC932DD6-1E7A-48A5-850E-D96B603E86ED}.Debug|Any CPU.ActiveCfg = Debug|Any CPU
		{AC932DD6-1E7A-48A5-850E-D96B603E86ED}.Debug|Any CPU.Build.0 = Debug|Any CPU
		{AC932DD6-1E7A-48A5-850E-D96B603E86ED}.Release|Any CPU.ActiveCfg = Release|Any CPU
		{AC932DD6-1E7A-48A5-850E-D96B603E86ED}.Release|Any CPU.Build.0 = Release|Any CPU
		{D0A86E6E-F6E8-4034-9167-CB3B0DCE0CBE}.Debug|Any CPU.ActiveCfg = Debug|Any CPU
		{D0A86E6E-F6E8-4034-9167-CB3B0DCE0CBE}.Debug|Any CPU.Build.0 = Debug|Any CPU
		{D0A86E6E-F6E8-4034-9167-CB3B0DCE0CBE}.Release|Any CPU.ActiveCfg = Release|Any CPU
		{D0A86E6E-F6E8-4034-9167-CB3B0DCE0CBE}.Release|Any CPU.Build.0 = Release|Any CPU
	EndGlobalSection
	GlobalSection(SolutionProperties) = preSolution
		HideSolutionNode = FALSE
	EndGlobalSection
	GlobalSection(NestedProjects) = preSolution
		{9CD9F885-D89F-4B46-9D49-65DC455F9772} = {8B3AA792-8AA3-44AA-9471-74120C528BE8}
		{58AD13CE-1881-4A2D-BFE4-360B7A532690} = {9CD9F885-D89F-4B46-9D49-65DC455F9772}
		{190E29D9-60B2-4D44-BFD5-E0BBFCB228EC} = {9CD9F885-D89F-4B46-9D49-65DC455F9772}
		{DBFAC231-7592-4802-9189-10882EB5A251} = {58AD13CE-1881-4A2D-BFE4-360B7A532690}
		{73525E66-293E-4E2E-AB09-CE05D057DBEB} = {9CD9F885-D89F-4B46-9D49-65DC455F9772}
		{222AE0B2-9B8B-466D-A13B-6B17B515E464} = {73525E66-293E-4E2E-AB09-CE05D057DBEB}
		{310D5A17-EDEE-43C7-93AF-17B1C23B8269} = {190E29D9-60B2-4D44-BFD5-E0BBFCB228EC}
		{B7178BE3-01B0-4C41-8B21-696ECD666FF2} = {9CD9F885-D89F-4B46-9D49-65DC455F9772}
		{136208BB-A643-41F4-9FBC-9B898E8C3BC7} = {B7178BE3-01B0-4C41-8B21-696ECD666FF2}
		{B929E245-71FE-4D2C-B4E7-D15F9D8C8AD9} = {6D182B2E-B525-44C5-911D-E4814E74F151}
		{959A0F33-7780-45D0-BE44-C294A94D135D} = {B929E245-71FE-4D2C-B4E7-D15F9D8C8AD9}
		{C9AD46FF-2129-4E2A-A37B-5182D7052F67} = {B929E245-71FE-4D2C-B4E7-D15F9D8C8AD9}
		{E4A68424-F3ED-4F3B-8B2C-EFC4919BCA1C} = {B929E245-71FE-4D2C-B4E7-D15F9D8C8AD9}
		{10EE37CA-590A-4AF3-B432-4B2D814F6532} = {B929E245-71FE-4D2C-B4E7-D15F9D8C8AD9}
		{C65AC217-E947-407C-B71B-E7BF5EDACAF5} = {10EE37CA-590A-4AF3-B432-4B2D814F6532}
		{E23401FE-EE23-498B-B7FE-F03C550FF1C3} = {E4A68424-F3ED-4F3B-8B2C-EFC4919BCA1C}
		{AC932DD6-1E7A-48A5-850E-D96B603E86ED} = {C9AD46FF-2129-4E2A-A37B-5182D7052F67}
		{D0A86E6E-F6E8-4034-9167-CB3B0DCE0CBE} = {959A0F33-7780-45D0-BE44-C294A94D135D}
	EndGlobalSection
	GlobalSection(ExtensibilityGlobals) = postSolution
		SolutionGuid = {C5E08B47-F930-42D8-912C-01C52F4F90EF}
	EndGlobalSection
EndGlobal
