
Microsoft Visual Studio Solution File, Format Version 12.00
# Visual Studio 15
VisualStudioVersion = 15.0.26124.0
MinimumVisualStudioVersion = 15.0.26124.0
Project("{2150E333-8FDC-42A3-9474-1A3956D46DE8}") = "demo1", "demo1", "{8B3AA792-8AA3-44AA-9471-74120C528BE8}"
EndProject
Project("{2150E333-8FDC-42A3-9474-1A3956D46DE8}") = "src", "src", "{9CD9F885-D89F-4B46-9D49-65DC455F9772}"
EndProject
Project("{2150E333-8FDC-42A3-9474-1A3956D46DE8}") = "1 - UI", "1 - UI", "{58AD13CE-1881-4A2D-BFE4-360B7A532690}"
EndProject
Project("{2150E333-8FDC-42A3-9474-1A3956D46DE8}") = "4 - Infrastructure", "4 - Infrastructure", "{190E29D9-60B2-4D44-BFD5-E0BBFCB228EC}"
EndProject
Project("{9A19103F-16F7-4668-BE54-9A1E7A4F7556}") = "demo1.UI", "demo1\src\demo1.UI\demo1.UI.csproj", "{DBFAC231-7592-4802-9189-10882EB5A251}"
EndProject
Project("{2150E333-8FDC-42A3-9474-1A3956D46DE8}") = "3 - Domain", "3 - Domain", "{73525E66-293E-4E2E-AB09-CE05D057DBEB}"
EndProject
Project("{9A19103F-16F7-4668-BE54-9A1E7A4F7556}") = "demo1.Domain", "demo1\src\demo1.Domain\demo1.Domain.csproj", "{222AE0B2-9B8B-466D-A13B-6B17B515E464}"
EndProject
Project("{9A19103F-16F7-4668-BE54-9A1E7A4F7556}") = "demo1.Infrastructure", "demo1\src\demo1.Infrastructure\demo1.Infrastructure.csproj", "{310D5A17-EDEE-43C7-93AF-17B1C23B8269}"
EndProject
Project("{2150E333-8FDC-42A3-9474-1A3956D46DE8}") = "2 - Application", "2 - Application", "{B7178BE3-01B0-4C41-8B21-696ECD666FF2}"
EndProject
Project("{9A19103F-16F7-4668-BE54-9A1E7A4F7556}") = "demo1.Application", "demo1\src\demo1.Application\demo1.Application.csproj", "{136208BB-A643-41F4-9FBC-9B898E8C3BC7}"
EndProject
Project("{2150E333-8FDC-42A3-9474-1A3956D46DE8}") = "demo2", "demo2", "{6D182B2E-B525-44C5-911D-E4814E74F151}"
EndProject
Project("{2150E333-8FDC-42A3-9474-1A3956D46DE8}") = "src", "src", "{B929E245-71FE-4D2C-B4E7-D15F9D8C8AD9}"
EndProject
Project("{2150E333-8FDC-42A3-9474-1A3956D46DE8}") = "1 - Presentation_", "1 - Presentation_", "{959A0F33-7780-45D0-BE44-C294A94D135D}"
EndProject
Project("{2150E333-8FDC-42A3-9474-1A3956D46DE8}") = "2 - Application_", "2 - Application_", "{C9AD46FF-2129-4E2A-A37B-5182D7052F67}"
EndProject
Project("{2150E333-8FDC-42A3-9474-1A3956D46DE8}") = "3 - Domain_", "3 - Domain_", "{E4A68424-F3ED-4F3B-8B2C-EFC4919BCA1C}"
EndProject
Project("{2150E333-8FDC-42A3-9474-1A3956D46DE8}") = "4 - Infrastructure_", "4 - Infrastructure_", "{10EE37CA-590A-4AF3-B432-4B2D814F6532}"
EndProject
Project("{9A19103F-16F7-4668-BE54-9A1E7A4F7556}") = "demo2.Infrastructure", "demo2\src\demo2.Infrastructure\demo2.Infrastructure.csproj", "{C65AC217-E947-407C-B71B-E7BF5EDACAF5}"
EndProject
Project("{9A19103F-16F7-4668-BE54-9A1E7A4F7556}") = "demo2.Domain", "demo2\src\demo2.Domain\demo2.Domain.csproj", "{E23401FE-EE23-498B-B7FE-F03C550FF1C3}"
EndProject
Project("{9A19103F-16F7-4668-BE54-9A1E7A4F7556}") = "demo2.Application", "demo2\src\demo2.Application\demo2.Application.csproj", "{AC932DD6-1E7A-48A5-850E-D96B603E86ED}"
EndProject
Project("{9A19103F-16F7-4668-BE54-9A1E7A4F7556}") = "demo2.UI.Web", "demo2\src\demo2.UI.Web\demo2.UI.Web.csproj", "{D0A86E6E-F6E8-4034-9167-CB3B0DCE0CBE}"
EndProject
Project("{2150E333-8FDC-42A3-9474-1A3956D46DE8}") = "demo3", "demo3", "{30E0D435-A158-403F-B5E4-F78CE26C0886}"
EndProject
Project("{2150E333-8FDC-42A3-9474-1A3956D46DE8}") = "src", "src", "{3D8DAAA5-0CF5-46F2-A693-78C9614D1334}"
EndProject
Project("{2150E333-8FDC-42A3-9474-1A3956D46DE8}") = "1 - Presentation", "1 - Presentation", "{E5A773C9-AB19-4323-9062-5C71529DFD0B}"
EndProject
Project("{2150E333-8FDC-42A3-9474-1A3956D46DE8}") = "2 - Services", "2 - Services", "{2B3E9F48-A97A-4151-991A-C3875AC8650E}"
EndProject
Project("{2150E333-8FDC-42A3-9474-1A3956D46DE8}") = "3 - Application", "3 - Application", "{8ED58764-23B9-4AEE-BC93-AFA0C8B73C93}"
EndProject
Project("{2150E333-8FDC-42A3-9474-1A3956D46DE8}") = "4 - Domain", "4 - Domain", "{5559A9AE-B373-4870-93B4-3DE409C665FB}"
EndProject
Project("{2150E333-8FDC-42A3-9474-1A3956D46DE8}") = "5 - Infra", "5 - Infra", "{1DA6F226-E9B5-4124-8E9C-666900F6C832}"
EndProject
Project("{2150E333-8FDC-42A3-9474-1A3956D46DE8}") = "5.2 - CrossCutting", "5.2 - CrossCutting", "{8E46CDEE-0281-451A-ABBD-2274B7ED9D4C}"
EndProject
Project("{9A19103F-16F7-4668-BE54-9A1E7A4F7556}") = "Equinox.UI.Site", "demo3\src\Equinox.UI.Site\Equinox.UI.Site.csproj", "{50460E05-3F20-4E7C-9BC3-668720D48107}"
EndProject
Project("{9A19103F-16F7-4668-BE54-9A1E7A4F7556}") = "Equinox.Infra.CrossCutting.Bus", "demo3\src\Equinox.Infra.CrossCutting.Bus\Equinox.Infra.CrossCutting.Bus.csproj", "{22046CDF-9CB2-47EF-B19B-D0ECB0831692}"
EndProject
Project("{9A19103F-16F7-4668-BE54-9A1E7A4F7556}") = "Equinox.Domain.Core", "demo3\src\Equinox.Domain.Core\Equinox.Domain.Core.csproj", "{218FAEA1-1550-40CB-809D-8C756A3FC985}"
EndProject
Project("{FAE04EC0-301F-11D3-BF4B-00C04F79EFBC}") = "Equinox.Domain", "demo3\src\Equinox.Domain\Equinox.Domain.csproj", "{DEF6F515-0324-4CA0-9556-49B07F0A8F00}"
EndProject
Project("{FAE04EC0-301F-11D3-BF4B-00C04F79EFBC}") = "Equinox.Infra.CrossCutting.IoC", "demo3\src\Equinox.Infra.CrossCutting.IoC\Equinox.Infra.CrossCutting.IoC.csproj", "{535A793B-A01D-4071-936A-2EF21AECA274}"
EndProject
Project("{FAE04EC0-301F-11D3-BF4B-00C04F79EFBC}") = "Equinox.Application", "demo3\src\Equinox.Application\Equinox.Application.csproj", "{B569CFEA-B754-4E36-90BE-0FD173F4FB09}"
EndProject
Project("{2150E333-8FDC-42A3-9474-1A3956D46DE8}") = "5.1 - Data", "5.1 - Data", "{3C36FA07-6C0E-4022-9C48-A93EDD87E5D8}"
EndProject
Project("{9A19103F-16F7-4668-BE54-9A1E7A4F7556}") = "Equinox.Infra.Data", "demo3\src\Equinox.Infra.Data\Equinox.Infra.Data.csproj", "{27B5A15A-5E4F-450C-AE9A-342C5DC9E77B}"
EndProject
Global
	GlobalSection(SolutionConfigurationPlatforms) = preSolution
		Debug|Any CPU = Debug|Any CPU
		Release|Any CPU = Release|Any CPU
	EndGlobalSection
	GlobalSection(ProjectConfigurationPlatforms) = postSolution
		{DBFAC231-7592-4802-9189-10882EB5A251}.Debug|Any CPU.ActiveCfg = Debug|Any CPU
		{DBFAC231-7592-4802-9189-10882EB5A251}.Debug|Any CPU.Build.0 = Debug|Any CPU
		{DBFAC231-7592-4802-9189-10882EB5A251}.Release|Any CPU.ActiveCfg = Release|Any CPU
		{DBFAC231-7592-4802-9189-10882EB5A251}.Release|Any CPU.Build.0 = Release|Any CPU
		{222AE0B2-9B8B-466D-A13B-6B17B515E464}.Debug|Any CPU.ActiveCfg = Debug|Any CPU
		{222AE0B2-9B8B-466D-A13B-6B17B515E464}.Debug|Any CPU.Build.0 = Debug|Any CPU
		{222AE0B2-9B8B-466D-A13B-6B17B515E464}.Release|Any CPU.ActiveCfg = Release|Any CPU
		{222AE0B2-9B8B-466D-A13B-6B17B515E464}.Release|Any CPU.Build.0 = Release|Any CPU
		{310D5A17-EDEE-43C7-93AF-17B1C23B8269}.Debug|Any CPU.ActiveCfg = Debug|Any CPU
		{310D5A17-EDEE-43C7-93AF-17B1C23B8269}.Debug|Any CPU.Build.0 = Debug|Any CPU
		{310D5A17-EDEE-43C7-93AF-17B1C23B8269}.Release|Any CPU.ActiveCfg = Release|Any CPU
		{310D5A17-EDEE-43C7-93AF-17B1C23B8269}.Release|Any CPU.Build.0 = Release|Any CPU
		{136208BB-A643-41F4-9FBC-9B898E8C3BC7}.Debug|Any CPU.ActiveCfg = Debug|Any CPU
		{136208BB-A643-41F4-9FBC-9B898E8C3BC7}.Debug|Any CPU.Build.0 = Debug|Any CPU
		{136208BB-A643-41F4-9FBC-9B898E8C3BC7}.Release|Any CPU.ActiveCfg = Release|Any CPU
		{136208BB-A643-41F4-9FBC-9B898E8C3BC7}.Release|Any CPU.Build.0 = Release|Any CPU
		{C65AC217-E947-407C-B71B-E7BF5EDACAF5}.Debug|Any CPU.ActiveCfg = Debug|Any CPU
		{C65AC217-E947-407C-B71B-E7BF5EDACAF5}.Debug|Any CPU.Build.0 = Debug|Any CPU
		{C65AC217-E947-407C-B71B-E7BF5EDACAF5}.Release|Any CPU.ActiveCfg = Release|Any CPU
		{C65AC217-E947-407C-B71B-E7BF5EDACAF5}.Release|Any CPU.Build.0 = Release|Any CPU
		{E23401FE-EE23-498B-B7FE-F03C550FF1C3}.Debug|Any CPU.ActiveCfg = Debug|Any CPU
		{E23401FE-EE23-498B-B7FE-F03C550FF1C3}.Debug|Any CPU.Build.0 = Debug|Any CPU
		{E23401FE-EE23-498B-B7FE-F03C550FF1C3}.Release|Any CPU.ActiveCfg = Release|Any CPU
		{E23401FE-EE23-498B-B7FE-F03C550FF1C3}.Release|Any CPU.Build.0 = Release|Any CPU
		{AC932DD6-1E7A-48A5-850E-D96B603E86ED}.Debug|Any CPU.ActiveCfg = Debug|Any CPU
		{AC932DD6-1E7A-48A5-850E-D96B603E86ED}.Debug|Any CPU.Build.0 = Debug|Any CPU
		{AC932DD6-1E7A-48A5-850E-D96B603E86ED}.Release|Any CPU.ActiveCfg = Release|Any CPU
		{AC932DD6-1E7A-48A5-850E-D96B603E86ED}.Release|Any CPU.Build.0 = Release|Any CPU
		{D0A86E6E-F6E8-4034-9167-CB3B0DCE0CBE}.Debug|Any CPU.ActiveCfg = Debug|Any CPU
		{D0A86E6E-F6E8-4034-9167-CB3B0DCE0CBE}.Debug|Any CPU.Build.0 = Debug|Any CPU
		{D0A86E6E-F6E8-4034-9167-CB3B0DCE0CBE}.Release|Any CPU.ActiveCfg = Release|Any CPU
		{D0A86E6E-F6E8-4034-9167-CB3B0DCE0CBE}.Release|Any CPU.Build.0 = Release|Any CPU
		{50460E05-3F20-4E7C-9BC3-668720D48107}.Debug|Any CPU.ActiveCfg = Debug|Any CPU
		{50460E05-3F20-4E7C-9BC3-668720D48107}.Debug|Any CPU.Build.0 = Debug|Any CPU
		{50460E05-3F20-4E7C-9BC3-668720D48107}.Release|Any CPU.ActiveCfg = Release|Any CPU
		{50460E05-3F20-4E7C-9BC3-668720D48107}.Release|Any CPU.Build.0 = Release|Any CPU
		{22046CDF-9CB2-47EF-B19B-D0ECB0831692}.Debug|Any CPU.ActiveCfg = Debug|Any CPU
		{22046CDF-9CB2-47EF-B19B-D0ECB0831692}.Debug|Any CPU.Build.0 = Debug|Any CPU
		{22046CDF-9CB2-47EF-B19B-D0ECB0831692}.Release|Any CPU.ActiveCfg = Release|Any CPU
		{22046CDF-9CB2-47EF-B19B-D0ECB0831692}.Release|Any CPU.Build.0 = Release|Any CPU
		{218FAEA1-1550-40CB-809D-8C756A3FC985}.Debug|Any CPU.ActiveCfg = Debug|Any CPU
		{218FAEA1-1550-40CB-809D-8C756A3FC985}.Debug|Any CPU.Build.0 = Debug|Any CPU
		{218FAEA1-1550-40CB-809D-8C756A3FC985}.Release|Any CPU.ActiveCfg = Release|Any CPU
		{218FAEA1-1550-40CB-809D-8C756A3FC985}.Release|Any CPU.Build.0 = Release|Any CPU
		{DEF6F515-0324-4CA0-9556-49B07F0A8F00}.Debug|Any CPU.ActiveCfg = Debug|Any CPU
		{DEF6F515-0324-4CA0-9556-49B07F0A8F00}.Debug|Any CPU.Build.0 = Debug|Any CPU
		{DEF6F515-0324-4CA0-9556-49B07F0A8F00}.Release|Any CPU.ActiveCfg = Release|Any CPU
		{DEF6F515-0324-4CA0-9556-49B07F0A8F00}.Release|Any CPU.Build.0 = Release|Any CPU
		{535A793B-A01D-4071-936A-2EF21AECA274}.Debug|Any CPU.ActiveCfg = Debug|Any CPU
		{535A793B-A01D-4071-936A-2EF21AECA274}.Debug|Any CPU.Build.0 = Debug|Any CPU
		{535A793B-A01D-4071-936A-2EF21AECA274}.Release|Any CPU.ActiveCfg = Release|Any CPU
		{535A793B-A01D-4071-936A-2EF21AECA274}.Release|Any CPU.Build.0 = Release|Any CPU
		{B569CFEA-B754-4E36-90BE-0FD173F4FB09}.Debug|Any CPU.ActiveCfg = Debug|Any CPU
		{B569CFEA-B754-4E36-90BE-0FD173F4FB09}.Debug|Any CPU.Build.0 = Debug|Any CPU
		{B569CFEA-B754-4E36-90BE-0FD173F4FB09}.Release|Any CPU.ActiveCfg = Release|Any CPU
		{B569CFEA-B754-4E36-90BE-0FD173F4FB09}.Release|Any CPU.Build.0 = Release|Any CPU
		{27B5A15A-5E4F-450C-AE9A-342C5DC9E77B}.Debug|Any CPU.ActiveCfg = Debug|Any CPU
		{27B5A15A-5E4F-450C-AE9A-342C5DC9E77B}.Debug|Any CPU.Build.0 = Debug|Any CPU
		{27B5A15A-5E4F-450C-AE9A-342C5DC9E77B}.Release|Any CPU.ActiveCfg = Release|Any CPU
		{27B5A15A-5E4F-450C-AE9A-342C5DC9E77B}.Release|Any CPU.Build.0 = Release|Any CPU
	EndGlobalSection
	GlobalSection(SolutionProperties) = preSolution
		HideSolutionNode = FALSE
	EndGlobalSection
	GlobalSection(NestedProjects) = preSolution
		{9CD9F885-D89F-4B46-9D49-65DC455F9772} = {8B3AA792-8AA3-44AA-9471-74120C528BE8}
		{58AD13CE-1881-4A2D-BFE4-360B7A532690} = {9CD9F885-D89F-4B46-9D49-65DC455F9772}
		{190E29D9-60B2-4D44-BFD5-E0BBFCB228EC} = {9CD9F885-D89F-4B46-9D49-65DC455F9772}
		{DBFAC231-7592-4802-9189-10882EB5A251} = {58AD13CE-1881-4A2D-BFE4-360B7A532690}
		{73525E66-293E-4E2E-AB09-CE05D057DBEB} = {9CD9F885-D89F-4B46-9D49-65DC455F9772}
		{222AE0B2-9B8B-466D-A13B-6B17B515E464} = {73525E66-293E-4E2E-AB09-CE05D057DBEB}
		{310D5A17-EDEE-43C7-93AF-17B1C23B8269} = {190E29D9-60B2-4D44-BFD5-E0BBFCB228EC}
		{B7178BE3-01B0-4C41-8B21-696ECD666FF2} = {9CD9F885-D89F-4B46-9D49-65DC455F9772}
		{136208BB-A643-41F4-9FBC-9B898E8C3BC7} = {B7178BE3-01B0-4C41-8B21-696ECD666FF2}
		{B929E245-71FE-4D2C-B4E7-D15F9D8C8AD9} = {6D182B2E-B525-44C5-911D-E4814E74F151}
		{959A0F33-7780-45D0-BE44-C294A94D135D} = {B929E245-71FE-4D2C-B4E7-D15F9D8C8AD9}
		{C9AD46FF-2129-4E2A-A37B-5182D7052F67} = {B929E245-71FE-4D2C-B4E7-D15F9D8C8AD9}
		{E4A68424-F3ED-4F3B-8B2C-EFC4919BCA1C} = {B929E245-71FE-4D2C-B4E7-D15F9D8C8AD9}
		{10EE37CA-590A-4AF3-B432-4B2D814F6532} = {B929E245-71FE-4D2C-B4E7-D15F9D8C8AD9}
		{C65AC217-E947-407C-B71B-E7BF5EDACAF5} = {10EE37CA-590A-4AF3-B432-4B2D814F6532}
		{E23401FE-EE23-498B-B7FE-F03C550FF1C3} = {E4A68424-F3ED-4F3B-8B2C-EFC4919BCA1C}
		{AC932DD6-1E7A-48A5-850E-D96B603E86ED} = {C9AD46FF-2129-4E2A-A37B-5182D7052F67}
		{D0A86E6E-F6E8-4034-9167-CB3B0DCE0CBE} = {959A0F33-7780-45D0-BE44-C294A94D135D}
		{3D8DAAA5-0CF5-46F2-A693-78C9614D1334} = {30E0D435-A158-403F-B5E4-F78CE26C0886}
		{E5A773C9-AB19-4323-9062-5C71529DFD0B} = {3D8DAAA5-0CF5-46F2-A693-78C9614D1334}
		{2B3E9F48-A97A-4151-991A-C3875AC8650E} = {3D8DAAA5-0CF5-46F2-A693-78C9614D1334}
		{8ED58764-23B9-4AEE-BC93-AFA0C8B73C93} = {3D8DAAA5-0CF5-46F2-A693-78C9614D1334}
		{5559A9AE-B373-4870-93B4-3DE409C665FB} = {3D8DAAA5-0CF5-46F2-A693-78C9614D1334}
		{1DA6F226-E9B5-4124-8E9C-666900F6C832} = {3D8DAAA5-0CF5-46F2-A693-78C9614D1334}
		{8E46CDEE-0281-451A-ABBD-2274B7ED9D4C} = {1DA6F226-E9B5-4124-8E9C-666900F6C832}
		{50460E05-3F20-4E7C-9BC3-668720D48107} = {E5A773C9-AB19-4323-9062-5C71529DFD0B}
		{22046CDF-9CB2-47EF-B19B-D0ECB0831692} = {8E46CDEE-0281-451A-ABBD-2274B7ED9D4C}
		{218FAEA1-1550-40CB-809D-8C756A3FC985} = {5559A9AE-B373-4870-93B4-3DE409C665FB}
		{DEF6F515-0324-4CA0-9556-49B07F0A8F00} = {5559A9AE-B373-4870-93B4-3DE409C665FB}
		{535A793B-A01D-4071-936A-2EF21AECA274} = {8E46CDEE-0281-451A-ABBD-2274B7ED9D4C}
		{B569CFEA-B754-4E36-90BE-0FD173F4FB09} = {8ED58764-23B9-4AEE-BC93-AFA0C8B73C93}
		{3C36FA07-6C0E-4022-9C48-A93EDD87E5D8} = {1DA6F226-E9B5-4124-8E9C-666900F6C832}
		{27B5A15A-5E4F-450C-AE9A-342C5DC9E77B} = {3C36FA07-6C0E-4022-9C48-A93EDD87E5D8}
	EndGlobalSection
	GlobalSection(ExtensibilityGlobals) = postSolution
		SolutionGuid = {C5E08B47-F930-42D8-912C-01C52F4F90EF}
	EndGlobalSection
EndGlobal
